// !$*UTF8*$!
{
	archiveVersion = 1;
	classes = {
	};
	objectVersion = 45;
	objects = {

/* Begin PBXBuildFile section */
		000EF1BD118574C10070B458 /* BusETACell.m in Sources */ = {isa = PBXBuildFile; fileRef = 000EF1BC118574C10070B458 /* BusETACell.m */; };
		000EF207118578DC0070B458 /* BusETACell.xib in Resources */ = {isa = PBXBuildFile; fileRef = 000EF206118578DC0070B458 /* BusETACell.xib */; };
		000EF28D118582060070B458 /* NSString+htmlentitiesaddition.m in Sources */ = {isa = PBXBuildFile; fileRef = 000EF28C118582060070B458 /* NSString+htmlentitiesaddition.m */; };
		00471E591186D3F200BAC790 /* CacheOperation.m in Sources */ = {isa = PBXBuildFile; fileRef = 00471E581186D3F200BAC790 /* CacheOperation.m */; };
		0047DBDC1185923800856AAF /* map-marker.png in Resources */ = {isa = PBXBuildFile; fileRef = 0047DBDB1185923800856AAF /* map-marker.png */; };
		004F5C441187D52200844FD6 /* BusViewController.m in Sources */ = {isa = PBXBuildFile; fileRef = 004F5C421187D52200844FD6 /* BusViewController.m */; };
		004F5C451187D52200844FD6 /* BusViewController.xib in Resources */ = {isa = PBXBuildFile; fileRef = 004F5C431187D52200844FD6 /* BusViewController.xib */; };
		004F5C951187DF4400844FD6 /* MapKit.framework in Frameworks */ = {isa = PBXBuildFile; fileRef = 004F5C941187DF4400844FD6 /* MapKit.framework */; };
		004F5CAD1187E22300844FD6 /* spinner.png in Resources */ = {isa = PBXBuildFile; fileRef = 004F5CAC1187E22300844FD6 /* spinner.png */; };
		0064105811852C7200D0F9E8 /* BusStopViewController.m in Sources */ = {isa = PBXBuildFile; fileRef = 0064105611852C7200D0F9E8 /* BusStopViewController.m */; };
		0064105911852C7200D0F9E8 /* BusStopViewController.xib in Resources */ = {isa = PBXBuildFile; fileRef = 0064105711852C7200D0F9E8 /* BusStopViewController.xib */; };
		00AEC6571186ADBC0083D75A /* location.png in Resources */ = {isa = PBXBuildFile; fileRef = 00AEC6561186ADBC0083D75A /* location.png */; };
		00AEC6731186AFD90083D75A /* QuartzCore.framework in Frameworks */ = {isa = PBXBuildFile; fileRef = 00AEC6721186AFD90083D75A /* QuartzCore.framework */; };
		00AEC68B1186B1800083D75A /* stop-bg.png in Resources */ = {isa = PBXBuildFile; fileRef = 00AEC68A1186B1800083D75A /* stop-bg.png */; };
		00AEC6D01186BCC50083D75A /* ArrivalsOperation.m in Sources */ = {isa = PBXBuildFile; fileRef = 00AEC6CF1186BCC50083D75A /* ArrivalsOperation.m */; };
		00CDAF1E118986B300C10F97 /* RHSettings.m in Sources */ = {isa = PBXBuildFile; fileRef = 00CDAF1D118986B300C10F97 /* RHSettings.m */; };
		00D0CC5E118820E100F1D387 /* NameValueCell.m in Sources */ = {isa = PBXBuildFile; fileRef = 00D0CC5D118820E100F1D387 /* NameValueCell.m */; };
		00D0CC601188211900F1D387 /* NameValueCell.xib in Resources */ = {isa = PBXBuildFile; fileRef = 00D0CC5F1188211900F1D387 /* NameValueCell.xib */; };
		00D0CCF51188298900F1D387 /* BusAnnotation.m in Sources */ = {isa = PBXBuildFile; fileRef = 00D0CCF41188298900F1D387 /* BusAnnotation.m */; };
		00D0CD2511882F0D00F1D387 /* StopAnnotation.m in Sources */ = {isa = PBXBuildFile; fileRef = 00D0CD2411882F0D00F1D387 /* StopAnnotation.m */; };
		1D3623260D0F684500981E51 /* RushHourNTUAppDelegate.m in Sources */ = {isa = PBXBuildFile; fileRef = 1D3623250D0F684500981E51 /* RushHourNTUAppDelegate.m */; };
		1D60589B0D05DD56006BFB54 /* main.m in Sources */ = {isa = PBXBuildFile; fileRef = 29B97316FDCFA39411CA2CEA /* main.m */; };
		1D60589F0D05DD5A006BFB54 /* Foundation.framework in Frameworks */ = {isa = PBXBuildFile; fileRef = 1D30AB110D05D00D00671497 /* Foundation.framework */; };
		1DF5F4E00D08C38300B7A737 /* UIKit.framework in Frameworks */ = {isa = PBXBuildFile; fileRef = 1DF5F4DF0D08C38300B7A737 /* UIKit.framework */; };
		2892E4100DC94CBA00A64D0F /* CoreGraphics.framework in Frameworks */ = {isa = PBXBuildFile; fileRef = 2892E40F0DC94CBA00A64D0F /* CoreGraphics.framework */; };
		28AD73600D9D9599002E5188 /* MainWindow.xib in Resources */ = {isa = PBXBuildFile; fileRef = 28AD735F0D9D9599002E5188 /* MainWindow.xib */; };
		28C286E10D94DF7D0034E888 /* RootViewController.m in Sources */ = {isa = PBXBuildFile; fileRef = 28C286E00D94DF7D0034E888 /* RootViewController.m */; };
		28F335F11007B36200424DE2 /* RootViewController.xib in Resources */ = {isa = PBXBuildFile; fileRef = 28F335F01007B36200424DE2 /* RootViewController.xib */; };
		3F00E83211849EF500339848 /* JONTUBus.m in Sources */ = {isa = PBXBuildFile; fileRef = 3F00E82611849EF500339848 /* JONTUBus.m */; };
		3F00E83311849EF500339848 /* JONTUBusEngine.m in Sources */ = {isa = PBXBuildFile; fileRef = 3F00E82811849EF500339848 /* JONTUBusEngine.m */; };
		3F00E83411849EF500339848 /* JONTUBusRoute.m in Sources */ = {isa = PBXBuildFile; fileRef = 3F00E82A11849EF500339848 /* JONTUBusRoute.m */; };
		3F00E83511849EF500339848 /* JONTUBusStop.m in Sources */ = {isa = PBXBuildFile; fileRef = 3F00E82C11849EF500339848 /* JONTUBusStop.m */; };
		3F00E83611849EF500339848 /* RegexKitLite.m in Sources */ = {isa = PBXBuildFile; fileRef = 3F00E83011849EF500339848 /* RegexKitLite.m */; };
		3F83324711886E8300F3B165 /* star-icon-dark.png in Resources */ = {isa = PBXBuildFile; fileRef = 3F83324511886E8300F3B165 /* star-icon-dark.png */; };
		3F83324811886E8300F3B165 /* star-icon-filled-dark.png in Resources */ = {isa = PBXBuildFile; fileRef = 3F83324611886E8300F3B165 /* star-icon-filled-dark.png */; };
		3F98A7B21184912C00877969 /* libicucore.dylib in Frameworks */ = {isa = PBXBuildFile; fileRef = 3F98A7B11184912C00877969 /* libicucore.dylib */; };
		3FA589931185B349009A3D66 /* CoreLocation.framework in Frameworks */ = {isa = PBXBuildFile; fileRef = 3FA589921185B349009A3D66 /* CoreLocation.framework */; };
		3FA58A851185D732009A3D66 /* JONTUBusStop+location.m in Sources */ = {isa = PBXBuildFile; fileRef = 3FA58A841185D732009A3D66 /* JONTUBusStop+location.m */; };
		3FA58AF61185E1D3009A3D66 /* LocationManager.m in Sources */ = {isa = PBXBuildFile; fileRef = 3FA58AF51185E1D3009A3D66 /* LocationManager.m */; };
		3FA7B1031188883F00638E51 /* IrisQueryUIViewController.m in Sources */ = {isa = PBXBuildFile; fileRef = 3FA7B1011188883F00638E51 /* IrisQueryUIViewController.m */; };
		3FA7B1041188883F00638E51 /* IrisQueryUIViewController.xib in Resources */ = {isa = PBXBuildFile; fileRef = 3FA7B1021188883F00638E51 /* IrisQueryUIViewController.xib */; };
		3FA7B10A11888BFD00638E51 /* 09-chat2.png in Resources */ = {isa = PBXBuildFile; fileRef = 3FA7B10911888BFD00638E51 /* 09-chat2.png */; };
		3FF6C61D1185E74300C33707 /* Entitlements.plist in Resources */ = {isa = PBXBuildFile; fileRef = 3FF6C61C1185E74300C33707 /* Entitlements.plist */; };
		3FFCED8D1187500400322057 /* Default.png in Resources */ = {isa = PBXBuildFile; fileRef = 3FFCED8C1187500400322057 /* Default.png */; };
/* End PBXBuildFile section */

/* Begin PBXFileReference section */
		000EF1BB118574C10070B458 /* BusETACell.h */ = {isa = PBXFileReference; fileEncoding = 4; lastKnownFileType = sourcecode.c.h; name = BusETACell.h; path = BusStopView/BusETACell.h; sourceTree = SOURCE_ROOT; };
		000EF1BC118574C10070B458 /* BusETACell.m */ = {isa = PBXFileReference; fileEncoding = 4; lastKnownFileType = sourcecode.c.objc; name = BusETACell.m; path = BusStopView/BusETACell.m; sourceTree = SOURCE_ROOT; };
		000EF206118578DC0070B458 /* BusETACell.xib */ = {isa = PBXFileReference; lastKnownFileType = file.xib; name = BusETACell.xib; path = BusStopView/BusETACell.xib; sourceTree = SOURCE_ROOT; };
		000EF28B118582060070B458 /* NSString+htmlentitiesaddition.h */ = {isa = PBXFileReference; fileEncoding = 4; lastKnownFileType = sourcecode.c.h; path = "NSString+htmlentitiesaddition.h"; sourceTree = "<group>"; };
		000EF28C118582060070B458 /* NSString+htmlentitiesaddition.m */ = {isa = PBXFileReference; fileEncoding = 4; lastKnownFileType = sourcecode.c.objc; path = "NSString+htmlentitiesaddition.m"; sourceTree = "<group>"; };
		00471E571186D3F200BAC790 /* CacheOperation.h */ = {isa = PBXFileReference; fileEncoding = 4; lastKnownFileType = sourcecode.c.h; name = CacheOperation.h; path = ../Classes/CacheOperation.h; sourceTree = "<group>"; };
		00471E581186D3F200BAC790 /* CacheOperation.m */ = {isa = PBXFileReference; fileEncoding = 4; lastKnownFileType = sourcecode.c.objc; name = CacheOperation.m; path = ../Classes/CacheOperation.m; sourceTree = "<group>"; };
		0047DBDB1185923800856AAF /* map-marker.png */ = {isa = PBXFileReference; lastKnownFileType = image.png; path = "map-marker.png"; sourceTree = "<group>"; };
		004F5C411187D52200844FD6 /* BusViewController.h */ = {isa = PBXFileReference; fileEncoding = 4; lastKnownFileType = sourcecode.c.h; path = BusViewController.h; sourceTree = "<group>"; };
		004F5C421187D52200844FD6 /* BusViewController.m */ = {isa = PBXFileReference; fileEncoding = 4; lastKnownFileType = sourcecode.c.objc; path = BusViewController.m; sourceTree = "<group>"; };
		004F5C431187D52200844FD6 /* BusViewController.xib */ = {isa = PBXFileReference; lastKnownFileType = file.xib; path = BusViewController.xib; sourceTree = "<group>"; };
		004F5C941187DF4400844FD6 /* MapKit.framework */ = {isa = PBXFileReference; lastKnownFileType = wrapper.framework; name = MapKit.framework; path = System/Library/Frameworks/MapKit.framework; sourceTree = SDKROOT; };
		004F5CAC1187E22300844FD6 /* spinner.png */ = {isa = PBXFileReference; lastKnownFileType = image.png; path = spinner.png; sourceTree = "<group>"; };
		0064105511852C7200D0F9E8 /* BusStopViewController.h */ = {isa = PBXFileReference; fileEncoding = 4; lastKnownFileType = sourcecode.c.h; name = BusStopViewController.h; path = BusStopView/BusStopViewController.h; sourceTree = SOURCE_ROOT; };
		0064105611852C7200D0F9E8 /* BusStopViewController.m */ = {isa = PBXFileReference; fileEncoding = 4; lastKnownFileType = sourcecode.c.objc; name = BusStopViewController.m; path = BusStopView/BusStopViewController.m; sourceTree = SOURCE_ROOT; };
		0064105711852C7200D0F9E8 /* BusStopViewController.xib */ = {isa = PBXFileReference; lastKnownFileType = file.xib; name = BusStopViewController.xib; path = BusStopView/BusStopViewController.xib; sourceTree = SOURCE_ROOT; };
		00AEC6561186ADBC0083D75A /* location.png */ = {isa = PBXFileReference; lastKnownFileType = image.png; path = location.png; sourceTree = "<group>"; };
		00AEC6721186AFD90083D75A /* QuartzCore.framework */ = {isa = PBXFileReference; lastKnownFileType = wrapper.framework; name = QuartzCore.framework; path = System/Library/Frameworks/QuartzCore.framework; sourceTree = SDKROOT; };
		00AEC68A1186B1800083D75A /* stop-bg.png */ = {isa = PBXFileReference; lastKnownFileType = image.png; path = "stop-bg.png"; sourceTree = "<group>"; };
		00AEC6CE1186BCC50083D75A /* ArrivalsOperation.h */ = {isa = PBXFileReference; fileEncoding = 4; lastKnownFileType = sourcecode.c.h; path = ArrivalsOperation.h; sourceTree = "<group>"; };
		00AEC6CF1186BCC50083D75A /* ArrivalsOperation.m */ = {isa = PBXFileReference; fileEncoding = 4; lastKnownFileType = sourcecode.c.objc; path = ArrivalsOperation.m; sourceTree = "<group>"; };
		00CDAF1C118986B300C10F97 /* RHSettings.h */ = {isa = PBXFileReference; fileEncoding = 4; lastKnownFileType = sourcecode.c.h; path = RHSettings.h; sourceTree = "<group>"; };
		00CDAF1D118986B300C10F97 /* RHSettings.m */ = {isa = PBXFileReference; fileEncoding = 4; lastKnownFileType = sourcecode.c.objc; path = RHSettings.m; sourceTree = "<group>"; };
		00D0CC5C118820E100F1D387 /* NameValueCell.h */ = {isa = PBXFileReference; fileEncoding = 4; lastKnownFileType = sourcecode.c.h; path = NameValueCell.h; sourceTree = "<group>"; };
		00D0CC5D118820E100F1D387 /* NameValueCell.m */ = {isa = PBXFileReference; fileEncoding = 4; lastKnownFileType = sourcecode.c.objc; path = NameValueCell.m; sourceTree = "<group>"; };
		00D0CC5F1188211900F1D387 /* NameValueCell.xib */ = {isa = PBXFileReference; lastKnownFileType = file.xib; path = NameValueCell.xib; sourceTree = "<group>"; };
		00D0CCF31188298900F1D387 /* BusAnnotation.h */ = {isa = PBXFileReference; fileEncoding = 4; lastKnownFileType = sourcecode.c.h; path = BusAnnotation.h; sourceTree = "<group>"; };
		00D0CCF41188298900F1D387 /* BusAnnotation.m */ = {isa = PBXFileReference; fileEncoding = 4; lastKnownFileType = sourcecode.c.objc; path = BusAnnotation.m; sourceTree = "<group>"; };
		00D0CD2311882F0D00F1D387 /* StopAnnotation.h */ = {isa = PBXFileReference; fileEncoding = 4; lastKnownFileType = sourcecode.c.h; path = StopAnnotation.h; sourceTree = "<group>"; };
		00D0CD2411882F0D00F1D387 /* StopAnnotation.m */ = {isa = PBXFileReference; fileEncoding = 4; lastKnownFileType = sourcecode.c.objc; path = StopAnnotation.m; sourceTree = "<group>"; };
		1D30AB110D05D00D00671497 /* Foundation.framework */ = {isa = PBXFileReference; lastKnownFileType = wrapper.framework; name = Foundation.framework; path = System/Library/Frameworks/Foundation.framework; sourceTree = SDKROOT; };
		1D3623240D0F684500981E51 /* RushHourNTUAppDelegate.h */ = {isa = PBXFileReference; fileEncoding = 4; lastKnownFileType = sourcecode.c.h; path = RushHourNTUAppDelegate.h; sourceTree = "<group>"; };
		1D3623250D0F684500981E51 /* RushHourNTUAppDelegate.m */ = {isa = PBXFileReference; fileEncoding = 4; lastKnownFileType = sourcecode.c.objc; path = RushHourNTUAppDelegate.m; sourceTree = "<group>"; };
		1D6058910D05DD3D006BFB54 /* RushHourNTU.app */ = {isa = PBXFileReference; explicitFileType = wrapper.application; includeInIndex = 0; path = RushHourNTU.app; sourceTree = BUILT_PRODUCTS_DIR; };
		1DF5F4DF0D08C38300B7A737 /* UIKit.framework */ = {isa = PBXFileReference; lastKnownFileType = wrapper.framework; name = UIKit.framework; path = System/Library/Frameworks/UIKit.framework; sourceTree = SDKROOT; };
		2892E40F0DC94CBA00A64D0F /* CoreGraphics.framework */ = {isa = PBXFileReference; lastKnownFileType = wrapper.framework; name = CoreGraphics.framework; path = System/Library/Frameworks/CoreGraphics.framework; sourceTree = SDKROOT; };
		28A0AAE50D9B0CCF005BE974 /* RushHourNTU_Prefix.pch */ = {isa = PBXFileReference; fileEncoding = 4; lastKnownFileType = sourcecode.c.h; path = RushHourNTU_Prefix.pch; sourceTree = "<group>"; };
		28AD735F0D9D9599002E5188 /* MainWindow.xib */ = {isa = PBXFileReference; lastKnownFileType = file.xib; path = MainWindow.xib; sourceTree = "<group>"; };
		28C286DF0D94DF7D0034E888 /* RootViewController.h */ = {isa = PBXFileReference; fileEncoding = 4; lastKnownFileType = sourcecode.c.h; name = RootViewController.h; path = RootView/RootViewController.h; sourceTree = SOURCE_ROOT; };
		28C286E00D94DF7D0034E888 /* RootViewController.m */ = {isa = PBXFileReference; fileEncoding = 4; lastKnownFileType = sourcecode.c.objc; name = RootViewController.m; path = RootView/RootViewController.m; sourceTree = SOURCE_ROOT; };
		28F335F01007B36200424DE2 /* RootViewController.xib */ = {isa = PBXFileReference; lastKnownFileType = file.xib; name = RootViewController.xib; path = RootView/RootViewController.xib; sourceTree = SOURCE_ROOT; };
		29B97316FDCFA39411CA2CEA /* main.m */ = {isa = PBXFileReference; fileEncoding = 4; lastKnownFileType = sourcecode.c.objc; path = main.m; sourceTree = "<group>"; };
		3F00E82511849EF500339848 /* JONTUBus.h */ = {isa = PBXFileReference; fileEncoding = 4; lastKnownFileType = sourcecode.c.h; name = JONTUBus.h; path = JONTUBusCore/JONTUBusCore/JONTUBus.h; sourceTree = SOURCE_ROOT; };
		3F00E82611849EF500339848 /* JONTUBus.m */ = {isa = PBXFileReference; fileEncoding = 4; lastKnownFileType = sourcecode.c.objc; name = JONTUBus.m; path = JONTUBusCore/JONTUBusCore/JONTUBus.m; sourceTree = SOURCE_ROOT; };
		3F00E82711849EF500339848 /* JONTUBusEngine.h */ = {isa = PBXFileReference; fileEncoding = 4; lastKnownFileType = sourcecode.c.h; name = JONTUBusEngine.h; path = JONTUBusCore/JONTUBusCore/JONTUBusEngine.h; sourceTree = SOURCE_ROOT; };
		3F00E82811849EF500339848 /* JONTUBusEngine.m */ = {isa = PBXFileReference; fileEncoding = 4; lastKnownFileType = sourcecode.c.objc; name = JONTUBusEngine.m; path = JONTUBusCore/JONTUBusCore/JONTUBusEngine.m; sourceTree = SOURCE_ROOT; };
		3F00E82911849EF500339848 /* JONTUBusRoute.h */ = {isa = PBXFileReference; fileEncoding = 4; lastKnownFileType = sourcecode.c.h; name = JONTUBusRoute.h; path = JONTUBusCore/JONTUBusCore/JONTUBusRoute.h; sourceTree = SOURCE_ROOT; };
		3F00E82A11849EF500339848 /* JONTUBusRoute.m */ = {isa = PBXFileReference; fileEncoding = 4; lastKnownFileType = sourcecode.c.objc; name = JONTUBusRoute.m; path = JONTUBusCore/JONTUBusCore/JONTUBusRoute.m; sourceTree = SOURCE_ROOT; };
		3F00E82B11849EF500339848 /* JONTUBusStop.h */ = {isa = PBXFileReference; fileEncoding = 4; lastKnownFileType = sourcecode.c.h; name = JONTUBusStop.h; path = JONTUBusCore/JONTUBusCore/JONTUBusStop.h; sourceTree = SOURCE_ROOT; };
		3F00E82C11849EF500339848 /* JONTUBusStop.m */ = {isa = PBXFileReference; fileEncoding = 4; lastKnownFileType = sourcecode.c.objc; name = JONTUBusStop.m; path = JONTUBusCore/JONTUBusCore/JONTUBusStop.m; sourceTree = SOURCE_ROOT; };
		3F00E82D11849EF500339848 /* NSXMLParserDelegateFix.h */ = {isa = PBXFileReference; fileEncoding = 4; lastKnownFileType = sourcecode.c.h; name = NSXMLParserDelegateFix.h; path = JONTUBusCore/JONTUBusCore/NSXMLParserDelegateFix.h; sourceTree = SOURCE_ROOT; };
		3F00E82F11849EF500339848 /* RegexKitLite.h */ = {isa = PBXFileReference; fileEncoding = 4; lastKnownFileType = sourcecode.c.h; name = RegexKitLite.h; path = JONTUBusCore/JONTUBusCore/RegexKitLite/RegexKitLite.h; sourceTree = SOURCE_ROOT; };
		3F00E83011849EF500339848 /* RegexKitLite.m */ = {isa = PBXFileReference; fileEncoding = 4; lastKnownFileType = sourcecode.c.objc; name = RegexKitLite.m; path = JONTUBusCore/JONTUBusCore/RegexKitLite/RegexKitLite.m; sourceTree = SOURCE_ROOT; };
		3F00E83111849EF500339848 /* SynthesizeSingleton.h */ = {isa = PBXFileReference; fileEncoding = 4; lastKnownFileType = sourcecode.c.h; name = SynthesizeSingleton.h; path = JONTUBusCore/JONTUBusCore/SynthesizeSingleton.h; sourceTree = SOURCE_ROOT; };
		3F83324511886E8300F3B165 /* star-icon-dark.png */ = {isa = PBXFileReference; lastKnownFileType = image.png; path = "star-icon-dark.png"; sourceTree = "<group>"; };
		3F83324611886E8300F3B165 /* star-icon-filled-dark.png */ = {isa = PBXFileReference; lastKnownFileType = image.png; path = "star-icon-filled-dark.png"; sourceTree = "<group>"; };
		3F98A7B11184912C00877969 /* libicucore.dylib */ = {isa = PBXFileReference; lastKnownFileType = "compiled.mach-o.dylib"; name = libicucore.dylib; path = usr/lib/libicucore.dylib; sourceTree = SDKROOT; };
		3FA589921185B349009A3D66 /* CoreLocation.framework */ = {isa = PBXFileReference; lastKnownFileType = wrapper.framework; name = CoreLocation.framework; path = System/Library/Frameworks/CoreLocation.framework; sourceTree = SDKROOT; };
		3FA58A831185D732009A3D66 /* JONTUBusStop+location.h */ = {isa = PBXFileReference; fileEncoding = 4; lastKnownFileType = sourcecode.c.h; path = "JONTUBusStop+location.h"; sourceTree = "<group>"; };
		3FA58A841185D732009A3D66 /* JONTUBusStop+location.m */ = {isa = PBXFileReference; fileEncoding = 4; lastKnownFileType = sourcecode.c.objc; path = "JONTUBusStop+location.m"; sourceTree = "<group>"; };
		3FA58AF41185E1D3009A3D66 /* LocationManager.h */ = {isa = PBXFileReference; fileEncoding = 4; lastKnownFileType = sourcecode.c.h; path = LocationManager.h; sourceTree = "<group>"; };
		3FA58AF51185E1D3009A3D66 /* LocationManager.m */ = {isa = PBXFileReference; fileEncoding = 4; lastKnownFileType = sourcecode.c.objc; path = LocationManager.m; sourceTree = "<group>"; };
		3FA7B1001188883F00638E51 /* IrisQueryUIViewController.h */ = {isa = PBXFileReference; fileEncoding = 4; lastKnownFileType = sourcecode.c.h; path = IrisQueryUIViewController.h; sourceTree = "<group>"; };
		3FA7B1011188883F00638E51 /* IrisQueryUIViewController.m */ = {isa = PBXFileReference; fileEncoding = 4; lastKnownFileType = sourcecode.c.objc; path = IrisQueryUIViewController.m; sourceTree = "<group>"; };
		3FA7B1021188883F00638E51 /* IrisQueryUIViewController.xib */ = {isa = PBXFileReference; lastKnownFileType = file.xib; path = IrisQueryUIViewController.xib; sourceTree = "<group>"; };
		3FA7B10911888BFD00638E51 /* 09-chat2.png */ = {isa = PBXFileReference; lastKnownFileType = image.png; path = "09-chat2.png"; sourceTree = "<group>"; };
		3FF6C61C1185E74300C33707 /* Entitlements.plist */ = {isa = PBXFileReference; fileEncoding = 4; lastKnownFileType = text.plist.xml; path = Entitlements.plist; sourceTree = "<group>"; };
		3FFCED8C1187500400322057 /* Default.png */ = {isa = PBXFileReference; lastKnownFileType = image.png; path = Default.png; sourceTree = "<group>"; };
		8D1107310486CEB800E47090 /* RushHourNTU-Info.plist */ = {isa = PBXFileReference; fileEncoding = 4; lastKnownFileType = text.plist.xml; path = "RushHourNTU-Info.plist"; plistStructureDefinitionIdentifier = "com.apple.xcode.plist.structure-definition.iphone.info-plist"; sourceTree = "<group>"; };
/* End PBXFileReference section */

/* Begin PBXFrameworksBuildPhase section */
		1D60588F0D05DD3D006BFB54 /* Frameworks */ = {
			isa = PBXFrameworksBuildPhase;
			buildActionMask = 2147483647;
			files = (
				1D60589F0D05DD5A006BFB54 /* Foundation.framework in Frameworks */,
				1DF5F4E00D08C38300B7A737 /* UIKit.framework in Frameworks */,
				2892E4100DC94CBA00A64D0F /* CoreGraphics.framework in Frameworks */,
				3F98A7B21184912C00877969 /* libicucore.dylib in Frameworks */,
				3FA589931185B349009A3D66 /* CoreLocation.framework in Frameworks */,
				00AEC6731186AFD90083D75A /* QuartzCore.framework in Frameworks */,
				004F5C951187DF4400844FD6 /* MapKit.framework in Frameworks */,
			);
			runOnlyForDeploymentPostprocessing = 0;
		};
/* End PBXFrameworksBuildPhase section */

/* Begin PBXGroup section */
		000EF22311857B230070B458 /* RootView */ = {
			isa = PBXGroup;
			children = (
				28F335F01007B36200424DE2 /* RootViewController.xib */,
				28C286DF0D94DF7D0034E888 /* RootViewController.h */,
				28C286E00D94DF7D0034E888 /* RootViewController.m */,
				00471E571186D3F200BAC790 /* CacheOperation.h */,
				00471E581186D3F200BAC790 /* CacheOperation.m */,
			);
			path = RootView;
			sourceTree = SOURCE_ROOT;
		};
		004F5C3B1187D4FC00844FD6 /* BusView */ = {
			isa = PBXGroup;
			children = (
				004F5C411187D52200844FD6 /* BusViewController.h */,
				004F5C421187D52200844FD6 /* BusViewController.m */,
				004F5C431187D52200844FD6 /* BusViewController.xib */,
				00D0CC5D118820E100F1D387 /* NameValueCell.m */,
				00D0CC5C118820E100F1D387 /* NameValueCell.h */,
				00D0CC5F1188211900F1D387 /* NameValueCell.xib */,
			);
			path = BusView;
			sourceTree = "<group>";
		};
		0064105411852C6100D0F9E8 /* BusStopView */ = {
			isa = PBXGroup;
			children = (
				0064105511852C7200D0F9E8 /* BusStopViewController.h */,
				0064105611852C7200D0F9E8 /* BusStopViewController.m */,
				0064105711852C7200D0F9E8 /* BusStopViewController.xib */,
				000EF1BB118574C10070B458 /* BusETACell.h */,
				000EF1BC118574C10070B458 /* BusETACell.m */,
				000EF206118578DC0070B458 /* BusETACell.xib */,
				00AEC6CE1186BCC50083D75A /* ArrivalsOperation.h */,
				00AEC6CF1186BCC50083D75A /* ArrivalsOperation.m */,
			);
			path = BusStopView;
			sourceTree = SOURCE_ROOT;
		};
		00AEC7511186C4AE0083D75A /* Metadata */ = {
			isa = PBXGroup;
			children = (
				8D1107310486CEB800E47090 /* RushHourNTU-Info.plist */,
				3FF6C61C1185E74300C33707 /* Entitlements.plist */,
			);
			name = Metadata;
			sourceTree = "<group>";
		};
		00D0CCF21188295600F1D387 /* MapAnnotations */ = {
			isa = PBXGroup;
			children = (
				00D0CCF31188298900F1D387 /* BusAnnotation.h */,
				00D0CCF41188298900F1D387 /* BusAnnotation.m */,
				00D0CD2311882F0D00F1D387 /* StopAnnotation.h */,
				00D0CD2411882F0D00F1D387 /* StopAnnotation.m */,
			);
			path = MapAnnotations;
			sourceTree = "<group>";
		};
		080E96DDFE201D6D7F000001 /* Classes */ = {
			isa = PBXGroup;
			children = (
				1D3623240D0F684500981E51 /* RushHourNTUAppDelegate.h */,
				1D3623250D0F684500981E51 /* RushHourNTUAppDelegate.m */,
				000EF28B118582060070B458 /* NSString+htmlentitiesaddition.h */,
				000EF28C118582060070B458 /* NSString+htmlentitiesaddition.m */,
				3FA58A831185D732009A3D66 /* JONTUBusStop+location.h */,
				3FA58A841185D732009A3D66 /* JONTUBusStop+location.m */,
				3FA58AF41185E1D3009A3D66 /* LocationManager.h */,
				3FA58AF51185E1D3009A3D66 /* LocationManager.m */,
				00CDAF1C118986B300C10F97 /* RHSettings.h */,
				00CDAF1D118986B300C10F97 /* RHSettings.m */,
			);
			path = Classes;
			sourceTree = "<group>";
		};
		19C28FACFE9D520D11CA2CBB /* Products */ = {
			isa = PBXGroup;
			children = (
				1D6058910D05DD3D006BFB54 /* RushHourNTU.app */,
			);
			name = Products;
			sourceTree = "<group>";
		};
		29B97314FDCFA39411CA2CEA /* CustomTemplate */ = {
			isa = PBXGroup;
			children = (
				3FA7B0FF1188881E00638E51 /* IRISQUERY */,
				00D0CCF21188295600F1D387 /* MapAnnotations */,
				004F5C3B1187D4FC00844FD6 /* BusView */,
				00AEC7511186C4AE0083D75A /* Metadata */,
				000EF22311857B230070B458 /* RootView */,
				0064105411852C6100D0F9E8 /* BusStopView */,
				080E96DDFE201D6D7F000001 /* Classes */,
				29B97315FDCFA39411CA2CEA /* Other Sources */,
				3F00E82011849EDD00339848 /* JONTUBusCore */,
				29B97317FDCFA39411CA2CEA /* Resources */,
				29B97323FDCFA39411CA2CEA /* Frameworks */,
				19C28FACFE9D520D11CA2CBB /* Products */,
			);
			name = CustomTemplate;
			sourceTree = "<group>";
		};
		29B97315FDCFA39411CA2CEA /* Other Sources */ = {
			isa = PBXGroup;
			children = (
				28A0AAE50D9B0CCF005BE974 /* RushHourNTU_Prefix.pch */,
				29B97316FDCFA39411CA2CEA /* main.m */,
			);
			name = "Other Sources";
			sourceTree = "<group>";
		};
		29B97317FDCFA39411CA2CEA /* Resources */ = {
			isa = PBXGroup;
			children = (
				3FA7B10911888BFD00638E51 /* 09-chat2.png */,
				3F83324511886E8300F3B165 /* star-icon-dark.png */,
				3F83324611886E8300F3B165 /* star-icon-filled-dark.png */,
				004F5CAC1187E22300844FD6 /* spinner.png */,
				00AEC6561186ADBC0083D75A /* location.png */,
				00AEC68A1186B1800083D75A /* stop-bg.png */,
				0047DBDB1185923800856AAF /* map-marker.png */,
				28AD735F0D9D9599002E5188 /* MainWindow.xib */,
				3FFCED8C1187500400322057 /* Default.png */,
			);
			path = Resources;
			sourceTree = "<group>";
		};
		29B97323FDCFA39411CA2CEA /* Frameworks */ = {
			isa = PBXGroup;
			children = (
				1DF5F4DF0D08C38300B7A737 /* UIKit.framework */,
				1D30AB110D05D00D00671497 /* Foundation.framework */,
				2892E40F0DC94CBA00A64D0F /* CoreGraphics.framework */,
				3F98A7B11184912C00877969 /* libicucore.dylib */,
				3FA589921185B349009A3D66 /* CoreLocation.framework */,
				00AEC6721186AFD90083D75A /* QuartzCore.framework */,
				004F5C941187DF4400844FD6 /* MapKit.framework */,
			);
			name = Frameworks;
			sourceTree = "<group>";
		};
		3F00E82011849EDD00339848 /* JONTUBusCore */ = {
			isa = PBXGroup;
			children = (
				3F00E82511849EF500339848 /* JONTUBus.h */,
				3F00E82611849EF500339848 /* JONTUBus.m */,
				3F00E82711849EF500339848 /* JONTUBusEngine.h */,
				3F00E82811849EF500339848 /* JONTUBusEngine.m */,
				3F00E82911849EF500339848 /* JONTUBusRoute.h */,
				3F00E82A11849EF500339848 /* JONTUBusRoute.m */,
				3F00E82B11849EF500339848 /* JONTUBusStop.h */,
				3F00E82C11849EF500339848 /* JONTUBusStop.m */,
				3F00E82D11849EF500339848 /* NSXMLParserDelegateFix.h */,
				3F00E82E11849EF500339848 /* RegexKitLite */,
				3F00E83111849EF500339848 /* SynthesizeSingleton.h */,
			);
			name = JONTUBusCore;
			sourceTree = "<group>";
		};
		3F00E82E11849EF500339848 /* RegexKitLite */ = {
			isa = PBXGroup;
			children = (
				3F00E82F11849EF500339848 /* RegexKitLite.h */,
				3F00E83011849EF500339848 /* RegexKitLite.m */,
			);
			name = RegexKitLite;
			path = JONTUBusCore/JONTUBusCore/RegexKitLite;
			sourceTree = SOURCE_ROOT;
		};
		3FA7B0FF1188881E00638E51 /* IRISQUERY */ = {
			isa = PBXGroup;
			children = (
				3FA7B1001188883F00638E51 /* IrisQueryUIViewController.h */,
				3FA7B1011188883F00638E51 /* IrisQueryUIViewController.m */,
				3FA7B1021188883F00638E51 /* IrisQueryUIViewController.xib */,
			);
			name = IRISQUERY;
			sourceTree = "<group>";
		};
/* End PBXGroup section */

/* Begin PBXNativeTarget section */
		1D6058900D05DD3D006BFB54 /* RushHourNTU */ = {
			isa = PBXNativeTarget;
			buildConfigurationList = 1D6058960D05DD3E006BFB54 /* Build configuration list for PBXNativeTarget "RushHourNTU" */;
			buildPhases = (
				1D60588D0D05DD3D006BFB54 /* Resources */,
				1D60588E0D05DD3D006BFB54 /* Sources */,
				1D60588F0D05DD3D006BFB54 /* Frameworks */,
			);
			buildRules = (
			);
			dependencies = (
			);
			name = RushHourNTU;
			productName = RushHourNTU;
			productReference = 1D6058910D05DD3D006BFB54 /* RushHourNTU.app */;
			productType = "com.apple.product-type.application";
		};
/* End PBXNativeTarget section */

/* Begin PBXProject section */
		29B97313FDCFA39411CA2CEA /* Project object */ = {
			isa = PBXProject;
			buildConfigurationList = C01FCF4E08A954540054247B /* Build configuration list for PBXProject "RushHourNTU" */;
			compatibilityVersion = "Xcode 3.1";
			hasScannedForEncodings = 1;
			knownRegions = (
				English,
				Japanese,
				French,
				German,
				en,
			);
			mainGroup = 29B97314FDCFA39411CA2CEA /* CustomTemplate */;
			projectDirPath = "";
			projectRoot = "";
			targets = (
				1D6058900D05DD3D006BFB54 /* RushHourNTU */,
			);
		};
/* End PBXProject section */

/* Begin PBXResourcesBuildPhase section */
		1D60588D0D05DD3D006BFB54 /* Resources */ = {
			isa = PBXResourcesBuildPhase;
			buildActionMask = 2147483647;
			files = (
				28AD73600D9D9599002E5188 /* MainWindow.xib in Resources */,
				28F335F11007B36200424DE2 /* RootViewController.xib in Resources */,
				0064105911852C7200D0F9E8 /* BusStopViewController.xib in Resources */,
				000EF207118578DC0070B458 /* BusETACell.xib in Resources */,
				0047DBDC1185923800856AAF /* map-marker.png in Resources */,
				3FF6C61D1185E74300C33707 /* Entitlements.plist in Resources */,
				00AEC6571186ADBC0083D75A /* location.png in Resources */,
				00AEC68B1186B1800083D75A /* stop-bg.png in Resources */,
				3FFCED8D1187500400322057 /* Default.png in Resources */,
				004F5C451187D52200844FD6 /* BusViewController.xib in Resources */,
				004F5CAD1187E22300844FD6 /* spinner.png in Resources */,
				00D0CC601188211900F1D387 /* NameValueCell.xib in Resources */,
				3F83324711886E8300F3B165 /* star-icon-dark.png in Resources */,
				3F83324811886E8300F3B165 /* star-icon-filled-dark.png in Resources */,
				3FA7B1041188883F00638E51 /* IrisQueryUIViewController.xib in Resources */,
				3FA7B10A11888BFD00638E51 /* 09-chat2.png in Resources */,
			);
			runOnlyForDeploymentPostprocessing = 0;
		};
/* End PBXResourcesBuildPhase section */

/* Begin PBXSourcesBuildPhase section */
		1D60588E0D05DD3D006BFB54 /* Sources */ = {
			isa = PBXSourcesBuildPhase;
			buildActionMask = 2147483647;
			files = (
				1D60589B0D05DD56006BFB54 /* main.m in Sources */,
				1D3623260D0F684500981E51 /* RushHourNTUAppDelegate.m in Sources */,
				28C286E10D94DF7D0034E888 /* RootViewController.m in Sources */,
				3F00E83211849EF500339848 /* JONTUBus.m in Sources */,
				3F00E83311849EF500339848 /* JONTUBusEngine.m in Sources */,
				3F00E83411849EF500339848 /* JONTUBusRoute.m in Sources */,
				3F00E83511849EF500339848 /* JONTUBusStop.m in Sources */,
				3F00E83611849EF500339848 /* RegexKitLite.m in Sources */,
				0064105811852C7200D0F9E8 /* BusStopViewController.m in Sources */,
				000EF1BD118574C10070B458 /* BusETACell.m in Sources */,
				000EF28D118582060070B458 /* NSString+htmlentitiesaddition.m in Sources */,
				3FA58A851185D732009A3D66 /* JONTUBusStop+location.m in Sources */,
				3FA58AF61185E1D3009A3D66 /* LocationManager.m in Sources */,
				00AEC6D01186BCC50083D75A /* ArrivalsOperation.m in Sources */,
				00471E591186D3F200BAC790 /* CacheOperation.m in Sources */,
				004F5C441187D52200844FD6 /* BusViewController.m in Sources */,
				00D0CC5E118820E100F1D387 /* NameValueCell.m in Sources */,
				00D0CCF51188298900F1D387 /* BusAnnotation.m in Sources */,
				00D0CD2511882F0D00F1D387 /* StopAnnotation.m in Sources */,
				3FA7B1031188883F00638E51 /* IrisQueryUIViewController.m in Sources */,
				00CDAF1E118986B300C10F97 /* RHSettings.m in Sources */,
			);
			runOnlyForDeploymentPostprocessing = 0;
		};
/* End PBXSourcesBuildPhase section */

/* Begin XCBuildConfiguration section */
		1D6058940D05DD3E006BFB54 /* Debug */ = {
			isa = XCBuildConfiguration;
			buildSettings = {
				ALWAYS_SEARCH_USER_PATHS = NO;
				COPY_PHASE_STRIP = NO;
				GCC_DYNAMIC_NO_PIC = NO;
				GCC_OPTIMIZATION_LEVEL = 0;
				GCC_PRECOMPILE_PREFIX_HEADER = YES;
				GCC_PREFIX_HEADER = RushHourNTU_Prefix.pch;
				INFOPLIST_FILE = "RushHourNTU-Info.plist";
				PRODUCT_NAME = RushHourNTU;
			};
			name = Debug;
		};
		1D6058950D05DD3E006BFB54 /* Release */ = {
			isa = XCBuildConfiguration;
			buildSettings = {
				ALWAYS_SEARCH_USER_PATHS = NO;
				COPY_PHASE_STRIP = YES;
				GCC_PRECOMPILE_PREFIX_HEADER = YES;
				GCC_PREFIX_HEADER = RushHourNTU_Prefix.pch;
				INFOPLIST_FILE = "RushHourNTU-Info.plist";
				PRODUCT_NAME = RushHourNTU;
				VALIDATE_PRODUCT = YES;
			};
			name = Release;
		};
		C01FCF4F08A954540054247B /* Debug */ = {
			isa = XCBuildConfiguration;
			buildSettings = {
				ARCHS = "$(ARCHS_STANDARD_32_BIT)";
				"CODE_SIGN_IDENTITY[sdk=iphoneos*]" = "iPhone Developer";
				GCC_C_LANGUAGE_STANDARD = c99;
				GCC_VERSION = 4.2;
				GCC_WARN_ABOUT_RETURN_TYPE = YES;
				GCC_WARN_UNUSED_VARIABLE = YES;
				INFOPLIST_FILE = "";
				IPHONEOS_DEPLOYMENT_TARGET = 3.0;
				MACOSX_DEPLOYMENT_TARGET = 10.5;
				PREBINDING = NO;
				"PROVISIONING_PROFILE[sdk=iphoneos*]" = "";
				SDKROOT = iphoneos3.0;
			};
			name = Debug;
		};
		C01FCF5008A954540054247B /* Release */ = {
			isa = XCBuildConfiguration;
			buildSettings = {
				ARCHS = "$(ARCHS_STANDARD_32_BIT)";
				CODE_SIGN_ENTITLEMENTS = Entitlements.plist;
				"CODE_SIGN_IDENTITY[sdk=iphoneos*]" = "iPhone Distribution: Jeremy Foo";
				GCC_C_LANGUAGE_STANDARD = c99;
				GCC_VERSION = 4.2;
				GCC_WARN_ABOUT_RETURN_TYPE = YES;
				GCC_WARN_UNUSED_VARIABLE = YES;
				INFOPLIST_FILE = "";
				OTHER_CFLAGS = "-DNS_BLOCK_ASSERTIONS=1";
				PREBINDING = NO;
				"PROVISIONING_PROFILE[sdk=iphoneos*]" = "C5365E51-7E3A-497C-84ED-63E0944815B9";
				SDKROOT = iphoneos3.0;
			};
			name = Release;
		};
/* End XCBuildConfiguration section */

/* Begin XCConfigurationList section */
		1D6058960D05DD3E006BFB54 /* Build configuration list for PBXNativeTarget "RushHourNTU" */ = {
			isa = XCConfigurationList;
			buildConfigurations = (
				1D6058940D05DD3E006BFB54 /* Debug */,
				1D6058950D05DD3E006BFB54 /* Release */,
			);
			defaultConfigurationIsVisible = 0;
			defaultConfigurationName = Release;
		};
		C01FCF4E08A954540054247B /* Build configuration list for PBXProject "RushHourNTU" */ = {
			isa = XCConfigurationList;
			buildConfigurations = (
				C01FCF4F08A954540054247B /* Debug */,
				C01FCF5008A954540054247B /* Release */,
			);
			defaultConfigurationIsVisible = 0;
			defaultConfigurationName = Release;
		};
/* End XCConfigurationList section */
	};
	rootObject = 29B97313FDCFA39411CA2CEA /* Project object */;
}
